<Solution>
  <Folder Name="/Solution Items/">
    <File Path=".dockerignore" />
    <File Path=".env.example" />
    <File Path=".gitattributes" />
    <File Path=".gitignore" />
    <File Path="CLAUDE.md" />
    <File Path="LICENSE.txt" />
    <File Path="README.md" />
  </Folder>
  <Folder Name="/src/">
    <Project Path="src/Api/Api.csproj" />
    <Project Path="src/Application/Application.csproj" />
    <Project Path="src/Infrastructure/Infrastructure.csproj" />
    <Project Path="src/SharedKernel/SharedKernel.csproj" />
  </Folder>
  <Folder Name="/src/Modules/Shopping/">
    <Project Path="C:/Users/devra/Projects/Shopping.Presentation/Shopping.Presentation.csproj" Id="6ac49ea9-24ce-4ee2-ac44-157dc9ab2ce2" />
    <Project Path="src/Modules/Shopping/Shopping.Application/Shopping.Application.csproj" Id="3179f691-0206-45b3-8679-b9546cacd799" />
    <Project Path="src/Modules/Shopping/Shopping.Domain/Shopping.Domain.csproj" Id="fc14dd20-d8b5-4bf2-b126-9f553d278185" />
    <Project Path="src/Modules/Shopping/Shopping.Infrastructure/Shopping.Infrastructure.csproj" Id="cf120c3d-b275-447d-b93d-e09d2cec4c11" />
  </Folder>
  <Folder Name="/src/Modules/Users/">
    <Project Path="src/Modules/Users/Users.Application/Users.Application.csproj" />
    <Project Path="src/Modules/Users/Users.Domain/Users.Domain.csproj" />
    <Project Path="src/Modules/Users/Users.Infrastructure/Users.Infrastructure.csproj" />
    <Project Path="src/Modules/Users/Users.Presentation/Users.Presentation.csproj" />
  </Folder>
  <Folder Name="/src/Modules/" />
  <Folder Name="/src/Modules/Authentication/">
    <Project Path="src/Modules/Authentication/Authentication.Application/Authentication.Application.csproj" />
    <Project Path="src/Modules/Authentication/Authentication.Infrastructure/Authentication.Infrastructure.csproj" />
    <Project Path="src/Modules/Authentication/Authentication.Presentation/Authentication.Presentation.csproj" />
  </Folder>
  <Folder Name="/Tests/">
    <Project Path="CoeurApi.Tests/CoeurApi.Tests.csproj" />
  </Folder>
  <Project Path="docker-compose.dcproj">
    <Build />
  </Project>
</Solution>
